{
    "_meta": {
        "hash": {
            "sha256": "31ae3a0acea9aef90e0d9966339c3361d0f3ccb5fb4f40ce5b4575cdc8b6d562"
        },
        "pipfile-spec": 6,
        "requires": {
            "python_version": "3.9.1"
        },
        "sources": [
            {
                "name": "pypi",
                "url": "https://pypi.org/simple",
                "verify_ssl": true
            }
        ]
    },
    "default": {
        "pysimplegui": {
            "hashes": [
                "sha256:1169d3434137242eca2c95ca13ec21de398990563e8f58a10b581ebd127b13cd",
                "sha256:b7b986512d77bf50a92207579bed4cf7f2f287ce14a82f4b57c5f368bca54c9c"
            ],
            "index": "pypi",
            "version": "==4.34.0"
        }
    },
    "develop": {}
}
